
Microsoft Visual Studio Solution File, Format Version 12.00
# Visual Studio 14
VisualStudioVersion = 14.0.25123.0
MinimumVisualStudioVersion = 10.0.40219.1
Project("{FAE04EC0-301F-11D3-BF4B-00C04F79EFBC}") = "01.PracticeIntegerNumbers", "01.PracticeIntegerNumbers\01.PracticeIntegerNumbers.csproj", "{0D5ABF3D-0E1D-4853-A3FE-886616F065CE}"
EndProject
Project("{FAE04EC0-301F-11D3-BF4B-00C04F79EFBC}") = "02.PracticeFloatingPointNumbers", "02.PracticeFloatingPointNumbers\02.PracticeFloatingPointNumbers.csproj", "{27EA3D27-A618-4838-88B6-24B5FDA04E34}"
EndProject
Project("{FAE04EC0-301F-11D3-BF4B-00C04F79EFBC}") = "03.PracticeCharactersAndStrings", "03.PracticeCharactersAndStrings\03.PracticeCharactersAndStrings.csproj", "{20D58126-EFB2-4CB4-87AD-512B86842A1B}"
EndProject
Project("{FAE04EC0-301F-11D3-BF4B-00C04F79EFBC}") = "04.VariableInHexadecimalFormat", "04.VariableInHexadecimalFormat\04.VariableInHexadecimalFormat.csproj", "{6DD1E61F-AF71-4F29-A386-8E000687368F}"
EndProject
Project("{FAE04EC0-301F-11D3-BF4B-00C04F79EFBC}") = "05.BooleanVariable", "05.BooleanVariable\05.BooleanVariable.csproj", "{B9B3E791-15A4-4359-9F18-D6AE098D166C}"
EndProject
Project("{FAE04EC0-301F-11D3-BF4B-00C04F79EFBC}") = "06.StringsAandObjects", "06.StringsAandObjects\06.StringsAandObjects.csproj", "{7C2650D1-7DD9-4C53-A065-F2369C32057C}"
EndProject
Project("{FAE04EC0-301F-11D3-BF4B-00C04F79EFBC}") = "07.ExchangeVariableValues", "07.ExchangeVariableValues\07.ExchangeVariableValues.csproj", "{A2B4478C-1CB4-4A22-AB76-4D33576FE713}"
EndProject
Project("{FAE04EC0-301F-11D3-BF4B-00C04F79EFBC}") = "08.EmployeeData", "08.EmployeeData\08.EmployeeData.csproj", "{010A557A-10C8-430C-9DEF-C6913C2C532C}"
EndProject
Project("{FAE04EC0-301F-11D3-BF4B-00C04F79EFBC}") = "09.ReverseCharacters", "09.ReverseCharacters\09.ReverseCharacters.csproj", "{B36C7A48-D691-4D94-AA6C-106E57623D9A}"
EndProject
Project("{FAE04EC0-301F-11D3-BF4B-00C04F79EFBC}") = "10.CenturiesToNanoseconds", "10.CenturiesToNanoseconds\10.CenturiesToNanoseconds.csproj", "{2C193C6D-CC29-4624-945A-064BE8EFF0FA}"
EndProject
Project("{FAE04EC0-301F-11D3-BF4B-00C04F79EFBC}") = "11.ConvertSpeedUnits", "11.ConvertSpeedUnits\11.ConvertSpeedUnits.csproj", "{9C824AF5-9374-4515-AE07-B819BAE4DABD}"
EndProject
Project("{FAE04EC0-301F-11D3-BF4B-00C04F79EFBC}") = "12.RectangleProperties", "12.RectangleProperties\12.RectangleProperties.csproj", "{46089196-C483-4800-A9A9-A821D96F6CAA}"
EndProject
Project("{FAE04EC0-301F-11D3-BF4B-00C04F79EFBC}") = "13.VowelOrDigit", "13.VowelOrDigit\13.VowelOrDigit.csproj", "{07ED96C6-A750-4720-83EE-2B6BEBF497DC}"
EndProject
Project("{FAE04EC0-301F-11D3-BF4B-00C04F79EFBC}") = "14.IntegerToHexAndBinary", "14.IntegerToHexAndBinary\14.IntegerToHexAndBinary.csproj", "{35DFF270-4379-4B8C-BF29-A2BB382D02DD}"
EndProject
Project("{FAE04EC0-301F-11D3-BF4B-00C04F79EFBC}") = "15.ComparingFloats", "15.ComparingFloats\15.ComparingFloats.csproj", "{66A4235B-146F-43D3-9E07-7B1163273B65}"
EndProject
Project("{FAE04EC0-301F-11D3-BF4B-00C04F79EFBC}") = "16.PrintPartOfTheASCIITable", "16.PrintPartOfTheASCIITable\16.PrintPartOfTheASCIITable.csproj", "{7D641B67-35B5-499A-B737-CD546E45AA2F}"
EndProject
Project("{FAE04EC0-301F-11D3-BF4B-00C04F79EFBC}") = "17.DifferentIntegersSize", "17.DifferentIntegersSize\17.DifferentIntegersSize.csproj", "{15E1564F-2EBF-485A-8257-C1BFFAC32614}"
EndProject
Project("{FAE04EC0-301F-11D3-BF4B-00C04F79EFBC}") = "18.HelloName!", "18.HelloName!\18.HelloName!.csproj", "{719B8BA4-D178-4DCB-A71B-C8786C45FD9F}"
EndProject
Project("{FAE04EC0-301F-11D3-BF4B-00C04F79EFBC}") = "19.MaxMethod", "19.MaxMethod\19.MaxMethod.csproj", "{2E38354E-9F64-418E-9145-FD81230AC040}"
EndProject
Project("{FAE04EC0-301F-11D3-BF4B-00C04F79EFBC}") = "20.EnglishNameOfTheLastDigit", "20.EnglishNameOfTheLastDigit\20.EnglishNameOfTheLastDigit.csproj", "{BBCEE25C-BC30-4E7B-AF3C-99959A57108A}"
EndProject
Project("{FAE04EC0-301F-11D3-BF4B-00C04F79EFBC}") = "21.NumbersInReversedOrder", "21.NumbersInReversedOrder\21.NumbersInReversedOrder.csproj", "{A57B743A-E59D-4582-BF77-A4DD4E2239B7}"
EndProject
Project("{FAE04EC0-301F-11D3-BF4B-00C04F79EFBC}") = "22.FibonacciNumbers", "22.FibonacciNumbers\22.FibonacciNumbers.csproj", "{B62A44DA-3802-41B3-A4B7-FB372C3FA056}"
EndProject
Project("{FAE04EC0-301F-11D3-BF4B-00C04F79EFBC}") = "23.PrimeChecker", "23.PrimeChecker\23.PrimeChecker.csproj", "{0F8FCD3F-7DEB-4284-A767-A04D5A5914FB}"
EndProject
Project("{FAE04EC0-301F-11D3-BF4B-00C04F79EFBC}") = "24.PrimesInGivenRange", "24.PrimesInGivenRange\24.PrimesInGivenRange.csproj", "{8EA0E9AC-46CD-4099-BC5D-DC2FD6AA2FAC}"
EndProject
Project("{FAE04EC0-301F-11D3-BF4B-00C04F79EFBC}") = "25.MasterNumbers", "25.MasterNumbers\25.MasterNumbers.csproj", "{0C29C8C9-A49C-466F-BA9F-F13AA1C400FB}"
EndProject
Global
	GlobalSection(SolutionConfigurationPlatforms) = preSolution
		Debug|Any CPU = Debug|Any CPU
		Release|Any CPU = Release|Any CPU
	EndGlobalSection
	GlobalSection(ProjectConfigurationPlatforms) = postSolution
		{0D5ABF3D-0E1D-4853-A3FE-886616F065CE}.Debug|Any CPU.ActiveCfg = Debug|Any CPU
		{0D5ABF3D-0E1D-4853-A3FE-886616F065CE}.Debug|Any CPU.Build.0 = Debug|Any CPU
		{0D5ABF3D-0E1D-4853-A3FE-886616F065CE}.Release|Any CPU.ActiveCfg = Release|Any CPU
		{0D5ABF3D-0E1D-4853-A3FE-886616F065CE}.Release|Any CPU.Build.0 = Release|Any CPU
		{27EA3D27-A618-4838-88B6-24B5FDA04E34}.Debug|Any CPU.ActiveCfg = Debug|Any CPU
		{27EA3D27-A618-4838-88B6-24B5FDA04E34}.Debug|Any CPU.Build.0 = Debug|Any CPU
		{27EA3D27-A618-4838-88B6-24B5FDA04E34}.Release|Any CPU.ActiveCfg = Release|Any CPU
		{27EA3D27-A618-4838-88B6-24B5FDA04E34}.Release|Any CPU.Build.0 = Release|Any CPU
		{20D58126-EFB2-4CB4-87AD-512B86842A1B}.Debug|Any CPU.ActiveCfg = Debug|Any CPU
		{20D58126-EFB2-4CB4-87AD-512B86842A1B}.Debug|Any CPU.Build.0 = Debug|Any CPU
		{20D58126-EFB2-4CB4-87AD-512B86842A1B}.Release|Any CPU.ActiveCfg = Release|Any CPU
		{20D58126-EFB2-4CB4-87AD-512B86842A1B}.Release|Any CPU.Build.0 = Release|Any CPU
		{6DD1E61F-AF71-4F29-A386-8E000687368F}.Debug|Any CPU.ActiveCfg = Debug|Any CPU
		{6DD1E61F-AF71-4F29-A386-8E000687368F}.Debug|Any CPU.Build.0 = Debug|Any CPU
		{6DD1E61F-AF71-4F29-A386-8E000687368F}.Release|Any CPU.ActiveCfg = Release|Any CPU
		{6DD1E61F-AF71-4F29-A386-8E000687368F}.Release|Any CPU.Build.0 = Release|Any CPU
		{B9B3E791-15A4-4359-9F18-D6AE098D166C}.Debug|Any CPU.ActiveCfg = Debug|Any CPU
		{B9B3E791-15A4-4359-9F18-D6AE098D166C}.Debug|Any CPU.Build.0 = Debug|Any CPU
		{B9B3E791-15A4-4359-9F18-D6AE098D166C}.Release|Any CPU.ActiveCfg = Release|Any CPU
		{B9B3E791-15A4-4359-9F18-D6AE098D166C}.Release|Any CPU.Build.0 = Release|Any CPU
		{7C2650D1-7DD9-4C53-A065-F2369C32057C}.Debug|Any CPU.ActiveCfg = Debug|Any CPU
		{7C2650D1-7DD9-4C53-A065-F2369C32057C}.Debug|Any CPU.Build.0 = Debug|Any CPU
		{7C2650D1-7DD9-4C53-A065-F2369C32057C}.Release|Any CPU.ActiveCfg = Release|Any CPU
		{7C2650D1-7DD9-4C53-A065-F2369C32057C}.Release|Any CPU.Build.0 = Release|Any CPU
		{A2B4478C-1CB4-4A22-AB76-4D33576FE713}.Debug|Any CPU.ActiveCfg = Debug|Any CPU
		{A2B4478C-1CB4-4A22-AB76-4D33576FE713}.Debug|Any CPU.Build.0 = Debug|Any CPU
		{A2B4478C-1CB4-4A22-AB76-4D33576FE713}.Release|Any CPU.ActiveCfg = Release|Any CPU
		{A2B4478C-1CB4-4A22-AB76-4D33576FE713}.Release|Any CPU.Build.0 = Release|Any CPU
		{010A557A-10C8-430C-9DEF-C6913C2C532C}.Debug|Any CPU.ActiveCfg = Debug|Any CPU
		{010A557A-10C8-430C-9DEF-C6913C2C532C}.Debug|Any CPU.Build.0 = Debug|Any CPU
		{010A557A-10C8-430C-9DEF-C6913C2C532C}.Release|Any CPU.ActiveCfg = Release|Any CPU
		{010A557A-10C8-430C-9DEF-C6913C2C532C}.Release|Any CPU.Build.0 = Release|Any CPU
		{B36C7A48-D691-4D94-AA6C-106E57623D9A}.Debug|Any CPU.ActiveCfg = Debug|Any CPU
		{B36C7A48-D691-4D94-AA6C-106E57623D9A}.Debug|Any CPU.Build.0 = Debug|Any CPU
		{B36C7A48-D691-4D94-AA6C-106E57623D9A}.Release|Any CPU.ActiveCfg = Release|Any CPU
		{B36C7A48-D691-4D94-AA6C-106E57623D9A}.Release|Any CPU.Build.0 = Release|Any CPU
		{2C193C6D-CC29-4624-945A-064BE8EFF0FA}.Debug|Any CPU.ActiveCfg = Debug|Any CPU
		{2C193C6D-CC29-4624-945A-064BE8EFF0FA}.Debug|Any CPU.Build.0 = Debug|Any CPU
		{2C193C6D-CC29-4624-945A-064BE8EFF0FA}.Release|Any CPU.ActiveCfg = Release|Any CPU
		{2C193C6D-CC29-4624-945A-064BE8EFF0FA}.Release|Any CPU.Build.0 = Release|Any CPU
		{9C824AF5-9374-4515-AE07-B819BAE4DABD}.Debug|Any CPU.ActiveCfg = Debug|Any CPU
		{9C824AF5-9374-4515-AE07-B819BAE4DABD}.Debug|Any CPU.Build.0 = Debug|Any CPU
		{9C824AF5-9374-4515-AE07-B819BAE4DABD}.Release|Any CPU.ActiveCfg = Release|Any CPU
		{9C824AF5-9374-4515-AE07-B819BAE4DABD}.Release|Any CPU.Build.0 = Release|Any CPU
		{46089196-C483-4800-A9A9-A821D96F6CAA}.Debug|Any CPU.ActiveCfg = Debug|Any CPU
		{46089196-C483-4800-A9A9-A821D96F6CAA}.Debug|Any CPU.Build.0 = Debug|Any CPU
		{46089196-C483-4800-A9A9-A821D96F6CAA}.Release|Any CPU.ActiveCfg = Release|Any CPU
		{46089196-C483-4800-A9A9-A821D96F6CAA}.Release|Any CPU.Build.0 = Release|Any CPU
		{07ED96C6-A750-4720-83EE-2B6BEBF497DC}.Debug|Any CPU.ActiveCfg = Debug|Any CPU
		{07ED96C6-A750-4720-83EE-2B6BEBF497DC}.Debug|Any CPU.Build.0 = Debug|Any CPU
		{07ED96C6-A750-4720-83EE-2B6BEBF497DC}.Release|Any CPU.ActiveCfg = Release|Any CPU
		{07ED96C6-A750-4720-83EE-2B6BEBF497DC}.Release|Any CPU.Build.0 = Release|Any CPU
		{35DFF270-4379-4B8C-BF29-A2BB382D02DD}.Debug|Any CPU.ActiveCfg = Debug|Any CPU
		{35DFF270-4379-4B8C-BF29-A2BB382D02DD}.Debug|Any CPU.Build.0 = Debug|Any CPU
		{35DFF270-4379-4B8C-BF29-A2BB382D02DD}.Release|Any CPU.ActiveCfg = Release|Any CPU
		{35DFF270-4379-4B8C-BF29-A2BB382D02DD}.Release|Any CPU.Build.0 = Release|Any CPU
		{66A4235B-146F-43D3-9E07-7B1163273B65}.Debug|Any CPU.ActiveCfg = Debug|Any CPU
		{66A4235B-146F-43D3-9E07-7B1163273B65}.Debug|Any CPU.Build.0 = Debug|Any CPU
		{66A4235B-146F-43D3-9E07-7B1163273B65}.Release|Any CPU.ActiveCfg = Release|Any CPU
		{66A4235B-146F-43D3-9E07-7B1163273B65}.Release|Any CPU.Build.0 = Release|Any CPU
		{7D641B67-35B5-499A-B737-CD546E45AA2F}.Debug|Any CPU.ActiveCfg = Debug|Any CPU
		{7D641B67-35B5-499A-B737-CD546E45AA2F}.Debug|Any CPU.Build.0 = Debug|Any CPU
		{7D641B67-35B5-499A-B737-CD546E45AA2F}.Release|Any CPU.ActiveCfg = Release|Any CPU
		{7D641B67-35B5-499A-B737-CD546E45AA2F}.Release|Any CPU.Build.0 = Release|Any CPU
		{15E1564F-2EBF-485A-8257-C1BFFAC32614}.Debug|Any CPU.ActiveCfg = Debug|Any CPU
		{15E1564F-2EBF-485A-8257-C1BFFAC32614}.Debug|Any CPU.Build.0 = Debug|Any CPU
		{15E1564F-2EBF-485A-8257-C1BFFAC32614}.Release|Any CPU.ActiveCfg = Release|Any CPU
		{15E1564F-2EBF-485A-8257-C1BFFAC32614}.Release|Any CPU.Build.0 = Release|Any CPU
		{719B8BA4-D178-4DCB-A71B-C8786C45FD9F}.Debug|Any CPU.ActiveCfg = Debug|Any CPU
		{719B8BA4-D178-4DCB-A71B-C8786C45FD9F}.Debug|Any CPU.Build.0 = Debug|Any CPU
		{719B8BA4-D178-4DCB-A71B-C8786C45FD9F}.Release|Any CPU.ActiveCfg = Release|Any CPU
		{719B8BA4-D178-4DCB-A71B-C8786C45FD9F}.Release|Any CPU.Build.0 = Release|Any CPU
		{2E38354E-9F64-418E-9145-FD81230AC040}.Debug|Any CPU.ActiveCfg = Debug|Any CPU
		{2E38354E-9F64-418E-9145-FD81230AC040}.Debug|Any CPU.Build.0 = Debug|Any CPU
		{2E38354E-9F64-418E-9145-FD81230AC040}.Release|Any CPU.ActiveCfg = Release|Any CPU
		{2E38354E-9F64-418E-9145-FD81230AC040}.Release|Any CPU.Build.0 = Release|Any CPU
		{BBCEE25C-BC30-4E7B-AF3C-99959A57108A}.Debug|Any CPU.ActiveCfg = Debug|Any CPU
		{BBCEE25C-BC30-4E7B-AF3C-99959A57108A}.Debug|Any CPU.Build.0 = Debug|Any CPU
		{BBCEE25C-BC30-4E7B-AF3C-99959A57108A}.Release|Any CPU.ActiveCfg = Release|Any CPU
		{BBCEE25C-BC30-4E7B-AF3C-99959A57108A}.Release|Any CPU.Build.0 = Release|Any CPU
		{A57B743A-E59D-4582-BF77-A4DD4E2239B7}.Debug|Any CPU.ActiveCfg = Debug|Any CPU
		{A57B743A-E59D-4582-BF77-A4DD4E2239B7}.Debug|Any CPU.Build.0 = Debug|Any CPU
		{A57B743A-E59D-4582-BF77-A4DD4E2239B7}.Release|Any CPU.ActiveCfg = Release|Any CPU
		{A57B743A-E59D-4582-BF77-A4DD4E2239B7}.Release|Any CPU.Build.0 = Release|Any CPU
		{B62A44DA-3802-41B3-A4B7-FB372C3FA056}.Debug|Any CPU.ActiveCfg = Debug|Any CPU
		{B62A44DA-3802-41B3-A4B7-FB372C3FA056}.Debug|Any CPU.Build.0 = Debug|Any CPU
		{B62A44DA-3802-41B3-A4B7-FB372C3FA056}.Release|Any CPU.ActiveCfg = Release|Any CPU
		{B62A44DA-3802-41B3-A4B7-FB372C3FA056}.Release|Any CPU.Build.0 = Release|Any CPU
		{0F8FCD3F-7DEB-4284-A767-A04D5A5914FB}.Debug|Any CPU.ActiveCfg = Debug|Any CPU
		{0F8FCD3F-7DEB-4284-A767-A04D5A5914FB}.Debug|Any CPU.Build.0 = Debug|Any CPU
		{0F8FCD3F-7DEB-4284-A767-A04D5A5914FB}.Release|Any CPU.ActiveCfg = Release|Any CPU
		{0F8FCD3F-7DEB-4284-A767-A04D5A5914FB}.Release|Any CPU.Build.0 = Release|Any CPU
		{8EA0E9AC-46CD-4099-BC5D-DC2FD6AA2FAC}.Debug|Any CPU.ActiveCfg = Debug|Any CPU
		{8EA0E9AC-46CD-4099-BC5D-DC2FD6AA2FAC}.Debug|Any CPU.Build.0 = Debug|Any CPU
		{8EA0E9AC-46CD-4099-BC5D-DC2FD6AA2FAC}.Release|Any CPU.ActiveCfg = Release|Any CPU
		{8EA0E9AC-46CD-4099-BC5D-DC2FD6AA2FAC}.Release|Any CPU.Build.0 = Release|Any CPU
		{0C29C8C9-A49C-466F-BA9F-F13AA1C400FB}.Debug|Any CPU.ActiveCfg = Debug|Any CPU
		{0C29C8C9-A49C-466F-BA9F-F13AA1C400FB}.Debug|Any CPU.Build.0 = Debug|Any CPU
		{0C29C8C9-A49C-466F-BA9F-F13AA1C400FB}.Release|Any CPU.ActiveCfg = Release|Any CPU
		{0C29C8C9-A49C-466F-BA9F-F13AA1C400FB}.Release|Any CPU.Build.0 = Release|Any CPU
	EndGlobalSection
	GlobalSection(SolutionProperties) = preSolution
		HideSolutionNode = FALSE
	EndGlobalSection
EndGlobal
