
Microsoft Visual Studio Solution File, Format Version 12.00
# Visual Studio 14
VisualStudioVersion = 14.0.25123.0
MinimumVisualStudioVersion = 10.0.40219.1
Project("{FAE04EC0-301F-11D3-BF4B-00C04F79EFBC}") = "01.SweetDessert", "01.SweetDessert\01.SweetDessert.csproj", "{2B9EC407-F1C7-4343-8DC8-4361E23EB4F3}"
EndProject
Project("{FAE04EC0-301F-11D3-BF4B-00C04F79EFBC}") = "02.GameOfNames", "02.GameOfNames\02.GameOfNames.csproj", "{5243F985-B19D-4F97-8BFF-BA6E8DEEBC17}"
EndProject
Project("{FAE04EC0-301F-11D3-BF4B-00C04F79EFBC}") = "03.Strawberry", "03.Strawberry\03.Strawberry.csproj", "{A99C4E10-C89D-4CCE-AE2E-AB4B8B637916}"
EndProject
Project("{FAE04EC0-301F-11D3-BF4B-00C04F79EFBC}") = "04.ArrayModifier", "04.ArrayModifier\04.ArrayModifier.csproj", "{0836ECEE-A5CB-4895-9702-935739097166}"
EndProject
Global
	GlobalSection(SolutionConfigurationPlatforms) = preSolution
		Debug|Any CPU = Debug|Any CPU
		Release|Any CPU = Release|Any CPU
	EndGlobalSection
	GlobalSection(ProjectConfigurationPlatforms) = postSolution
		{2B9EC407-F1C7-4343-8DC8-4361E23EB4F3}.Debug|Any CPU.ActiveCfg = Debug|Any CPU
		{2B9EC407-F1C7-4343-8DC8-4361E23EB4F3}.Debug|Any CPU.Build.0 = Debug|Any CPU
		{2B9EC407-F1C7-4343-8DC8-4361E23EB4F3}.Release|Any CPU.ActiveCfg = Release|Any CPU
		{2B9EC407-F1C7-4343-8DC8-4361E23EB4F3}.Release|Any CPU.Build.0 = Release|Any CPU
		{5243F985-B19D-4F97-8BFF-BA6E8DEEBC17}.Debug|Any CPU.ActiveCfg = Debug|Any CPU
		{5243F985-B19D-4F97-8BFF-BA6E8DEEBC17}.Debug|Any CPU.Build.0 = Debug|Any CPU
		{5243F985-B19D-4F97-8BFF-BA6E8DEEBC17}.Release|Any CPU.ActiveCfg = Release|Any CPU
		{5243F985-B19D-4F97-8BFF-BA6E8DEEBC17}.Release|Any CPU.Build.0 = Release|Any CPU
		{A99C4E10-C89D-4CCE-AE2E-AB4B8B637916}.Debug|Any CPU.ActiveCfg = Debug|Any CPU
		{A99C4E10-C89D-4CCE-AE2E-AB4B8B637916}.Debug|Any CPU.Build.0 = Debug|Any CPU
		{A99C4E10-C89D-4CCE-AE2E-AB4B8B637916}.Release|Any CPU.ActiveCfg = Release|Any CPU
		{A99C4E10-C89D-4CCE-AE2E-AB4B8B637916}.Release|Any CPU.Build.0 = Release|Any CPU
		{0836ECEE-A5CB-4895-9702-935739097166}.Debug|Any CPU.ActiveCfg = Debug|Any CPU
		{0836ECEE-A5CB-4895-9702-935739097166}.Debug|Any CPU.Build.0 = Debug|Any CPU
		{0836ECEE-A5CB-4895-9702-935739097166}.Release|Any CPU.ActiveCfg = Release|Any CPU
		{0836ECEE-A5CB-4895-9702-935739097166}.Release|Any CPU.Build.0 = Release|Any CPU
	EndGlobalSection
	GlobalSection(SolutionProperties) = preSolution
		HideSolutionNode = FALSE
	EndGlobalSection
EndGlobal
